{
  "name": "@falsejs/random-boolean",
  "version": "1.0.0",
  "lockfileVersion": 3,
  "requires": true,
  "packages": {
    "": {
      "name": "@falsejs/random-boolean",
      "version": "1.0.0",
      "license": "MIT",
      "dependencies": {
        "@f/identity": "^1.1.1",
        "array-map": "^0.0.1",
        "basic-functions": "^1.0.6",
        "false-value": "^2.0.6",
        "lodash.sample": "^4.2.1",
        "true-value": "^2.0.5"
      }
    },
    "node_modules/@f/identity": {
      "version": "1.1.1",
      "resolved": "https://registry.npmjs.org/@f/identity/-/identity-1.1.1.tgz",
      "integrity": "sha512-Ej4M2zvn0gD1/4qt0TvduOG3Wh4o1JHIb8twwtiJhrawIp/qXzF1jgKusCNcR0J9bF9agA+GC7DMnOaWP5fb1A==",
      "license": "MIT"
    },
    "node_modules/array-map": {
      "version": "0.0.1",
      "resolved": "https://registry.npmjs.org/array-map/-/array-map-0.0.1.tgz",
      "integrity": "sha512-sxHIeJTGEsRC8/hYkZzdJNNPZ41EXHVys7pqMw1iwE/Kx8/hto0UbDuGQsSJ0ujPovj9qUZl6EOY/EiZ2g3d9Q==",
      "license": "MIT",
      "funding": {
        "url": "https://github.com/sponsors/ljharb"
      }
    },
    "node_modules/basic-functions": {
      "version": "1.0.6",
      "resolved": "https://registry.npmjs.org/basic-functions/-/basic-functions-1.0.6.tgz",
      "integrity": "sha512-/jsC/4VMQ/qCGzRlZLuJOnQPH/JuMxpGG4rpRN7S5zdfvahdDeL0sovts7iSJg2Hk3g6TYI4HYf6lj1zEVdZMQ==",
      "license": "MIT"
    },
    "node_modules/false-value": {
      "version": "2.0.6",
      "resolved": "https://registry.npmjs.org/false-value/-/false-value-2.0.6.tgz",
      "integrity": "sha512-G7epeZLimEOtbFK17pADulOyp10sdiIwOScLsnjiavbVQ54rQihxUeUOQWMIt04ztZaCdjz0pe7v8f3jypGXWg==",
      "license": "MIT",
      "dependencies": {
        "true-value": "^2.0.5"
      }
    },
    "node_modules/lodash.sample": {
      "version": "4.2.1",
      "resolved": "https://registry.npmjs.org/lodash.sample/-/lodash.sample-4.2.1.tgz",
      "integrity": "sha512-odCZufa8jYDBZQ+JOSePWRs+iApPdvIp3qAiKc9F22RdSCMLuUu60Jvgs2M6qMisKAeBZoumAkqDiGr9HDym/Q==",
      "license": "MIT"
    },
    "node_modules/true-value": {
      "version": "2.0.5",
      "resolved": "https://registry.npmjs.org/true-value/-/true-value-2.0.5.tgz",
      "integrity": "sha512-/3BokLYzCelErHUtNjN/h8usRdHVoyiZ8XjfntzOZAYs8D0wSyc98KBIMM+gLqmq2RI8Zk3SnuqZI89hiopiRw==",
      "license": "UNLICENSED"
    }
  }
}
